PODS:
  - AZExpandableIconListView (1.0.0)

DEPENDENCIES:
  - AZExpandableIconListView (from `../`)

EXTERNAL SOURCES:
  AZExpandableIconListView:
    :path: "../"

SPEC CHECKSUMS:
  AZExpandableIconListView: 5cb546a808bf43a9c90993ab39c2b7f36b0e1359

PODFILE CHECKSUM: bfbeb5c9e7076b21d4166e8de234c9d13dabfd8b

COCOAPODS: 1.8.1
