PODS:
  - AZExpandableIconListView (1.0.1)

DEPENDENCIES:
  - AZExpandableIconListView (from `../`)

EXTERNAL SOURCES:
  AZExpandableIconListView:
    :path: "../"

SPEC CHECKSUMS:
  AZExpandableIconListView: 72294b0583898ce43b93fd4d7a79e83ff87045de

PODFILE CHECKSUM: b24ddfc809354beca2e1a212d7e43482b8aadaec

COCOAPODS: 1.8.1
